
Microsoft Visual Studio Solution File, Format Version 12.00
# Visual Studio 15
VisualStudioVersion = 15.0.27703.2000
MinimumVisualStudioVersion = 10.0.40219.1
Project("{9A19103F-16F7-4668-BE54-9A1E7A4F7556}") = "API", "API\API.csproj", "{34C11EB9-6BAC-4E9F-A203-44156EE425A1}"
EndProject
Project("{9A19103F-16F7-4668-BE54-9A1E7A4F7556}") = "FRONT", "MovieNetFront\FRONT.csproj", "{EF733648-DBC5-4F0F-A5AF-D1382E66B031}"
EndProject
Global
	GlobalSection(SolutionConfigurationPlatforms) = preSolution
		Debug|Any CPU = Debug|Any CPU
		Release|Any CPU = Release|Any CPU
	EndGlobalSection
	GlobalSection(ProjectConfigurationPlatforms) = postSolution
		{34C11EB9-6BAC-4E9F-A203-44156EE425A1}.Debug|Any CPU.ActiveCfg = Debug|Any CPU
		{34C11EB9-6BAC-4E9F-A203-44156EE425A1}.Debug|Any CPU.Build.0 = Debug|Any CPU
		{34C11EB9-6BAC-4E9F-A203-44156EE425A1}.Release|Any CPU.ActiveCfg = Release|Any CPU
		{34C11EB9-6BAC-4E9F-A203-44156EE425A1}.Release|Any CPU.Build.0 = Release|Any CPU
		{EF733648-DBC5-4F0F-A5AF-D1382E66B031}.Debug|Any CPU.ActiveCfg = Debug|Any CPU
		{EF733648-DBC5-4F0F-A5AF-D1382E66B031}.Debug|Any CPU.Build.0 = Debug|Any CPU
		{EF733648-DBC5-4F0F-A5AF-D1382E66B031}.Release|Any CPU.ActiveCfg = Release|Any CPU
		{EF733648-DBC5-4F0F-A5AF-D1382E66B031}.Release|Any CPU.Build.0 = Release|Any CPU
	EndGlobalSection
	GlobalSection(SolutionProperties) = preSolution
		HideSolutionNode = FALSE
	EndGlobalSection
	GlobalSection(ExtensibilityGlobals) = postSolution
		SolutionGuid = {901B137A-462F-404D-8C95-A2BC2ABDE91C}
	EndGlobalSection
EndGlobal
